<?xml version="1.0" encoding="utf-8"?>
<Project ToolsVersion="14.0" xmlns="http://schemas.microsoft.com/developer/msbuild/2003">
  <ItemGroup>
    <Filter Include="Resources">
      <UniqueIdentifier>52ef013b-5a5e-441e-a1b6-ca50d43ab8a3</UniqueIdentifier>
      <Extensions>rc;ico;cur;bmp;dlg;rc2;rct;bin;rgs;gif;jpg;jpeg;jpe;resx;tga;tiff;tif;png;wav;mfcribbon-ms</Extensions>
    </Filter>
  </ItemGroup>
  <ItemGroup>
    <ClCompile Include="pch.cpp" />
    <ClCompile Include="AllJoynBusObjectManager.cpp" />
    <ClCompile Include="AllJoynHelpers.cpp" />
    <ClCompile Include="LampGroupConsumer.cpp" />
    <ClCompile Include="LampGroupProducer.cpp" />
    <ClCompile Include="LampGroupServiceEventAdapter.cpp" />
    <ClCompile Include="LampGroupServiceEventArgs.cpp" />
    <ClCompile Include="LampGroupSignals.cpp" />
    <ClCompile Include="LampGroupWatcher.cpp" />
    <ClCompile Include="TypeConversionHelpers.cpp" />
  </ItemGroup>
  <ItemGroup>
    <ClInclude Include="pch.h" />
    <ClInclude Include="AllJoynBusObjectManager.h" />
    <ClInclude Include="AllJoynHelpers.h" />
    <ClInclude Include="ILampGroupService.h" />
    <ClInclude Include="LampGroupConsumer.h" />
    <ClInclude Include="LampGroupEventArgs.h" />
    <ClInclude Include="LampGroupMethodResults.h" />
    <ClInclude Include="LampGroupProducer.h" />
    <ClInclude Include="LampGroupServiceEventAdapter.h" />
    <ClInclude Include="LampGroupServiceEventArgs.h" />
    <ClInclude Include="LampGroupSignals.h" />
    <ClInclude Include="LampGroupStructures.h" />
    <ClInclude Include="LampGroupWatcher.h" />
    <ClInclude Include="TypeConversionHelpers.h" />
  </ItemGroup>
</Project>