<?xml version="1.0" encoding="utf-8"?>
<Project ToolsVersion="14.0" xmlns="http://schemas.microsoft.com/developer/msbuild/2003">
  <ItemGroup>
    <Filter Include="Resources">
      <UniqueIdentifier>14ca0260-ed21-4bff-8e32-bc2b9f3beb99</UniqueIdentifier>
      <Extensions>rc;ico;cur;bmp;dlg;rc2;rct;bin;rgs;gif;jpg;jpeg;jpe;resx;tga;tiff;tif;png;wav;mfcribbon-ms</Extensions>
    </Filter>
  </ItemGroup>
  <ItemGroup>
    <ClCompile Include="pch.cpp" />
    <ClCompile Include="AllJoynBusObjectManager.cpp" />
    <ClCompile Include="AllJoynHelpers.cpp" />
    <ClCompile Include="SceneConsumer.cpp" />
    <ClCompile Include="SceneProducer.cpp" />
    <ClCompile Include="SceneServiceEventAdapter.cpp" />
    <ClCompile Include="SceneServiceEventArgs.cpp" />
    <ClCompile Include="SceneSignals.cpp" />
    <ClCompile Include="SceneWatcher.cpp" />
    <ClCompile Include="TypeConversionHelpers.cpp" />
  </ItemGroup>
  <ItemGroup>
    <ClInclude Include="pch.h" />
    <ClInclude Include="AllJoynBusObjectManager.h" />
    <ClInclude Include="AllJoynHelpers.h" />
    <ClInclude Include="ISceneService.h" />
    <ClInclude Include="SceneConsumer.h" />
    <ClInclude Include="SceneEventArgs.h" />
    <ClInclude Include="SceneMethodResults.h" />
    <ClInclude Include="SceneProducer.h" />
    <ClInclude Include="SceneServiceEventAdapter.h" />
    <ClInclude Include="SceneServiceEventArgs.h" />
    <ClInclude Include="SceneSignals.h" />
    <ClInclude Include="SceneStructures.h" />
    <ClInclude Include="SceneWatcher.h" />
    <ClInclude Include="TypeConversionHelpers.h" />
  </ItemGroup>
</Project>